
Microsoft Visual Studio Solution File, Format Version 12.00
# Visual Studio Version 17
VisualStudioVersion = 17.14.36623.8
MinimumVisualStudioVersion = 10.0.40219.1
Project("{2150E333-8FDC-42A3-9474-1A3956D46DE8}") = "Capter00", "Capter00", "{DDB4EF12-CC4E-5E88-E6FC-71A802F4DE97}"
EndProject
Project("{FAE04EC0-301F-11D3-BF4B-00C04F79EFBC}") = "Sample0416", "Chapter00\Sample0416\Sample0416.csproj", "{C96E14F5-9EA5-4445-9736-F46CD9E412C9}"
EndProject
Project("{FAE04EC0-301F-11D3-BF4B-00C04F79EFBC}") = "Sample0415", "Chapter00\Sample0415\Sample0415.csproj", "{2840A392-FBC9-6795-D770-900D138EF1DA}"
EndProject
Project("{FAE04EC0-301F-11D3-BF4B-00C04F79EFBC}") = "Sample0413", "Chapter00\Sample0413\Sample0413.csproj", "{001C5591-DB0A-85C7-5873-1DACE4AC6ED6}"
EndProject
Project("{2150E333-8FDC-42A3-9474-1A3956D46DE8}") = "Chapter01", "Chapter01", "{B4C5F9DE-496F-429D-91BA-E45D3F969AAB}"
EndProject
Project("{2150E333-8FDC-42A3-9474-1A3956D46DE8}") = "Chapter02", "Chapter02", "{39744932-F914-4431-9EC0-D8FF36DA2E2F}"
EndProject
Project("{2150E333-8FDC-42A3-9474-1A3956D46DE8}") = "距離換算プログラム", "距離換算プログラム", "{D693ED9B-DE9E-4EF7-A38B-9F5570884DDA}"
EndProject
Project("{FAE04EC0-301F-11D3-BF4B-00C04F79EFBC}") = "DistanceConverter", "Chapter02\距離換算プログラム\DistanceConverter\DistanceConverter.csproj", "{3619ECFF-8345-457B-B065-DC2573D4D2F8}"
EndProject
Project("{2150E333-8FDC-42A3-9474-1A3956D46DE8}") = "Chapter04", "Chapter04", "{BE400ECA-1676-4969-8621-54BBA31CC612}"
EndProject
Project("{2150E333-8FDC-42A3-9474-1A3956D46DE8}") = "p108_文字列を数値に変換", "p108_文字列を数値に変換", "{81425D05-123E-45FF-8FB2-7BB6A68676C8}"
EndProject
Project("{FAE04EC0-301F-11D3-BF4B-00C04F79EFBC}") = "Code4_36", "Chapter04\文字列を数値に変換\Code4_36\Code4_36.csproj", "{125D859D-773A-43FF-8E0F-9796F634B029}"
EndProject
Project("{2150E333-8FDC-42A3-9474-1A3956D46DE8}") = "売上集計", "売上集計", "{7B864FDD-1868-4AB8-BDF7-314B999C6F63}"
EndProject
Project("{FAE04EC0-301F-11D3-BF4B-00C04F79EFBC}") = "SalesCalculator", "SalesCalculator\SalesCalculator.csproj", "{D2FD05A4-86B9-47EC-982E-10C8AC511060}"
EndProject
Project("{2150E333-8FDC-42A3-9474-1A3956D46DE8}") = "演習問題", "演習問題", "{1E74D95B-EF25-4017-9F0F-AD9A41BFC5C1}"
EndProject
Project("{FAE04EC0-301F-11D3-BF4B-00C04F79EFBC}") = "Exercise01", "Chapter02\演習問題\Exercise01\Exercise01.csproj", "{F46659F3-7BF8-4DBD-B433-BD229D2DC8C8}"
EndProject
Project("{FAE04EC0-301F-11D3-BF4B-00C04F79EFBC}") = "Exercise02", "Chapter02\演習問題\Exercise02\Exercise02.csproj", "{15CCDA51-0072-463B-98E5-DD0867823902}"
EndProject
Project("{2150E333-8FDC-42A3-9474-1A3956D46DE8}") = "Chapter03", "Chapter03", "{AFD055BC-0206-4C63-87F0-8038C36EF535}"
EndProject
Project("{2150E333-8FDC-42A3-9474-1A3956D46DE8}") = "ラムダ式とLINQ", "ラムダ式とLINQ", "{6F821CC8-3785-49C7-AADD-475F5E98EAAB}"
EndProject
Project("{FAE04EC0-301F-11D3-BF4B-00C04F79EFBC}") = "Section01", "Chapter03\ラムダ式とLINQ\Section01\Section01.csproj", "{08139D8B-EF74-4457-8053-58CB5756D1EC}"
EndProject
Project("{FAE04EC0-301F-11D3-BF4B-00C04F79EFBC}") = "Section04", "Section04\Section04.csproj", "{4BC1B722-2F05-47D4-8E49-B87A6064983D}"
EndProject
Project("{2150E333-8FDC-42A3-9474-1A3956D46DE8}") = "演習問題", "演習問題", "{0408E25B-6093-4695-857D-8E16EF1F1313}"
EndProject
Project("{FAE04EC0-301F-11D3-BF4B-00C04F79EFBC}") = "Exercise01", "Chapter03\演習問題\Exercise01\Exercise01.csproj", "{E59BF8A2-18BB-40C1-BF22-95957308628F}"
EndProject
Project("{FAE04EC0-301F-11D3-BF4B-00C04F79EFBC}") = "Exercise02", "Chapter03\演習問題\Exercise02\Exercise02.csproj", "{9661600F-9E2E-EC39-AFA2-64DBC15CE967}"
EndProject
Project("{2150E333-8FDC-42A3-9474-1A3956D46DE8}") = "p098_nullに関するイディオム", "p098_nullに関するイディオム", "{B7D8D09B-FD5C-4C73-8F5D-3AB4E44090A9}"
EndProject
Project("{FAE04EC0-301F-11D3-BF4B-00C04F79EFBC}") = "nullに関するイディオム", "Chapter04\nullに関するイディオム\nullに関するイディオム\nullに関するイディオム.csproj", "{D04A0842-03AD-43CF-A632-4660AAFC279E}"
EndProject
Project("{2150E333-8FDC-42A3-9474-1A3956D46DE8}") = "演習問題", "演習問題", "{070CE64C-E2F1-42D0-A6A1-D859140B7D2B}"
EndProject
Project("{FAE04EC0-301F-11D3-BF4B-00C04F79EFBC}") = "Exercise01", "Chapter04\演習問題\Exercise01\Exercise01.csproj", "{760AA0AA-9DDE-4A83-89AA-7B1CB1B9AB24}"
EndProject
Project("{FAE04EC0-301F-11D3-BF4B-00C04F79EFBC}") = "Exercise02", "Chapter04\演習問題\Exercise02\Exercise02.csproj", "{8DE74224-18BC-4150-9EB5-BC6812AD1C2B}"
EndProject
Project("{2150E333-8FDC-42A3-9474-1A3956D46DE8}") = "Chapter05", "Chapter05", "{C3586FCE-8934-4345-A67E-7C67BC136EC6}"
EndProject
Project("{2150E333-8FDC-42A3-9474-1A3956D46DE8}") = "プロパティに関するイディオム", "プロパティに関するイディオム", "{86EE36C1-5847-4413-B943-C35DB3682674}"
EndProject
Project("{2150E333-8FDC-42A3-9474-1A3956D46DE8}") = "メソッドに関するイディオム", "メソッドに関するイディオム", "{C655EE18-EF2A-4DC9-8134-E0FC106AE1AA}"
EndProject
Project("{2150E333-8FDC-42A3-9474-1A3956D46DE8}") = "演習問題", "演習問題", "{F5592C6C-A20A-4A7B-946E-539432F8048E}"
EndProject
Project("{FAE04EC0-301F-11D3-BF4B-00C04F79EFBC}") = "Exercise01", "Chapter05\演習問題\Exercise01\Exercise01.csproj", "{9FAA1A78-5231-413C-8475-871B2F92B51F}"
EndProject
Project("{FAE04EC0-301F-11D3-BF4B-00C04F79EFBC}") = "L1", "Chapter05\プロパティに関するイディオム\L1\L1.csproj", "{79365441-FB06-4F37-AAAC-B2C7D9A32936}"
EndProject
Project("{FAE04EC0-301F-11D3-BF4B-00C04F79EFBC}") = "L2", "Chapter05\メソッドに関するイディオム\L2\L2.csproj", "{D864352B-164A-4777-920A-21BC735F3584}"
EndProject
Project("{FAE04EC0-301F-11D3-BF4B-00C04F79EFBC}") = "Exercise02", "Chapter05\演習問題\Exercise02\Exercise02\Exercise02.csproj", "{23617E06-6635-4017-8C7B-BABB29D262D4}"
EndProject
Project("{FAE04EC0-301F-11D3-BF4B-00C04F79EFBC}") = "Exercise03", "Chapter05\演習問題\Exercise03\Exercise03.csproj", "{5349552A-DED6-40A4-980E-55EB940C4B32}"
EndProject
Global
	GlobalSection(SolutionConfigurationPlatforms) = preSolution
		Debug|Any CPU = Debug|Any CPU
		Release|Any CPU = Release|Any CPU
	EndGlobalSection
	GlobalSection(ProjectConfigurationPlatforms) = postSolution
		{C96E14F5-9EA5-4445-9736-F46CD9E412C9}.Debug|Any CPU.ActiveCfg = Debug|Any CPU
		{C96E14F5-9EA5-4445-9736-F46CD9E412C9}.Debug|Any CPU.Build.0 = Debug|Any CPU
		{C96E14F5-9EA5-4445-9736-F46CD9E412C9}.Release|Any CPU.ActiveCfg = Release|Any CPU
		{C96E14F5-9EA5-4445-9736-F46CD9E412C9}.Release|Any CPU.Build.0 = Release|Any CPU
		{2840A392-FBC9-6795-D770-900D138EF1DA}.Debug|Any CPU.ActiveCfg = Debug|Any CPU
		{2840A392-FBC9-6795-D770-900D138EF1DA}.Debug|Any CPU.Build.0 = Debug|Any CPU
		{2840A392-FBC9-6795-D770-900D138EF1DA}.Release|Any CPU.ActiveCfg = Release|Any CPU
		{2840A392-FBC9-6795-D770-900D138EF1DA}.Release|Any CPU.Build.0 = Release|Any CPU
		{001C5591-DB0A-85C7-5873-1DACE4AC6ED6}.Debug|Any CPU.ActiveCfg = Debug|Any CPU
		{001C5591-DB0A-85C7-5873-1DACE4AC6ED6}.Debug|Any CPU.Build.0 = Debug|Any CPU
		{001C5591-DB0A-85C7-5873-1DACE4AC6ED6}.Release|Any CPU.ActiveCfg = Release|Any CPU
		{001C5591-DB0A-85C7-5873-1DACE4AC6ED6}.Release|Any CPU.Build.0 = Release|Any CPU
		{3619ECFF-8345-457B-B065-DC2573D4D2F8}.Debug|Any CPU.ActiveCfg = Debug|Any CPU
		{3619ECFF-8345-457B-B065-DC2573D4D2F8}.Debug|Any CPU.Build.0 = Debug|Any CPU
		{3619ECFF-8345-457B-B065-DC2573D4D2F8}.Release|Any CPU.ActiveCfg = Release|Any CPU
		{3619ECFF-8345-457B-B065-DC2573D4D2F8}.Release|Any CPU.Build.0 = Release|Any CPU
		{125D859D-773A-43FF-8E0F-9796F634B029}.Debug|Any CPU.ActiveCfg = Debug|Any CPU
		{125D859D-773A-43FF-8E0F-9796F634B029}.Debug|Any CPU.Build.0 = Debug|Any CPU
		{125D859D-773A-43FF-8E0F-9796F634B029}.Release|Any CPU.ActiveCfg = Release|Any CPU
		{125D859D-773A-43FF-8E0F-9796F634B029}.Release|Any CPU.Build.0 = Release|Any CPU
		{D2FD05A4-86B9-47EC-982E-10C8AC511060}.Debug|Any CPU.ActiveCfg = Debug|Any CPU
		{D2FD05A4-86B9-47EC-982E-10C8AC511060}.Debug|Any CPU.Build.0 = Debug|Any CPU
		{D2FD05A4-86B9-47EC-982E-10C8AC511060}.Release|Any CPU.ActiveCfg = Release|Any CPU
		{D2FD05A4-86B9-47EC-982E-10C8AC511060}.Release|Any CPU.Build.0 = Release|Any CPU
		{F46659F3-7BF8-4DBD-B433-BD229D2DC8C8}.Debug|Any CPU.ActiveCfg = Debug|Any CPU
		{F46659F3-7BF8-4DBD-B433-BD229D2DC8C8}.Debug|Any CPU.Build.0 = Debug|Any CPU
		{F46659F3-7BF8-4DBD-B433-BD229D2DC8C8}.Release|Any CPU.ActiveCfg = Release|Any CPU
		{F46659F3-7BF8-4DBD-B433-BD229D2DC8C8}.Release|Any CPU.Build.0 = Release|Any CPU
		{15CCDA51-0072-463B-98E5-DD0867823902}.Debug|Any CPU.ActiveCfg = Debug|Any CPU
		{15CCDA51-0072-463B-98E5-DD0867823902}.Debug|Any CPU.Build.0 = Debug|Any CPU
		{15CCDA51-0072-463B-98E5-DD0867823902}.Release|Any CPU.ActiveCfg = Release|Any CPU
		{15CCDA51-0072-463B-98E5-DD0867823902}.Release|Any CPU.Build.0 = Release|Any CPU
		{08139D8B-EF74-4457-8053-58CB5756D1EC}.Debug|Any CPU.ActiveCfg = Debug|Any CPU
		{08139D8B-EF74-4457-8053-58CB5756D1EC}.Debug|Any CPU.Build.0 = Debug|Any CPU
		{08139D8B-EF74-4457-8053-58CB5756D1EC}.Release|Any CPU.ActiveCfg = Release|Any CPU
		{08139D8B-EF74-4457-8053-58CB5756D1EC}.Release|Any CPU.Build.0 = Release|Any CPU
		{4BC1B722-2F05-47D4-8E49-B87A6064983D}.Debug|Any CPU.ActiveCfg = Debug|Any CPU
		{4BC1B722-2F05-47D4-8E49-B87A6064983D}.Debug|Any CPU.Build.0 = Debug|Any CPU
		{4BC1B722-2F05-47D4-8E49-B87A6064983D}.Release|Any CPU.ActiveCfg = Release|Any CPU
		{4BC1B722-2F05-47D4-8E49-B87A6064983D}.Release|Any CPU.Build.0 = Release|Any CPU
		{E59BF8A2-18BB-40C1-BF22-95957308628F}.Debug|Any CPU.ActiveCfg = Debug|Any CPU
		{E59BF8A2-18BB-40C1-BF22-95957308628F}.Debug|Any CPU.Build.0 = Debug|Any CPU
		{E59BF8A2-18BB-40C1-BF22-95957308628F}.Release|Any CPU.ActiveCfg = Release|Any CPU
		{E59BF8A2-18BB-40C1-BF22-95957308628F}.Release|Any CPU.Build.0 = Release|Any CPU
		{9661600F-9E2E-EC39-AFA2-64DBC15CE967}.Debug|Any CPU.ActiveCfg = Debug|Any CPU
		{9661600F-9E2E-EC39-AFA2-64DBC15CE967}.Debug|Any CPU.Build.0 = Debug|Any CPU
		{9661600F-9E2E-EC39-AFA2-64DBC15CE967}.Release|Any CPU.ActiveCfg = Release|Any CPU
		{9661600F-9E2E-EC39-AFA2-64DBC15CE967}.Release|Any CPU.Build.0 = Release|Any CPU
		{D04A0842-03AD-43CF-A632-4660AAFC279E}.Debug|Any CPU.ActiveCfg = Debug|Any CPU
		{D04A0842-03AD-43CF-A632-4660AAFC279E}.Debug|Any CPU.Build.0 = Debug|Any CPU
		{D04A0842-03AD-43CF-A632-4660AAFC279E}.Release|Any CPU.ActiveCfg = Release|Any CPU
		{D04A0842-03AD-43CF-A632-4660AAFC279E}.Release|Any CPU.Build.0 = Release|Any CPU
		{760AA0AA-9DDE-4A83-89AA-7B1CB1B9AB24}.Debug|Any CPU.ActiveCfg = Debug|Any CPU
		{760AA0AA-9DDE-4A83-89AA-7B1CB1B9AB24}.Debug|Any CPU.Build.0 = Debug|Any CPU
		{760AA0AA-9DDE-4A83-89AA-7B1CB1B9AB24}.Release|Any CPU.ActiveCfg = Release|Any CPU
		{760AA0AA-9DDE-4A83-89AA-7B1CB1B9AB24}.Release|Any CPU.Build.0 = Release|Any CPU
		{8DE74224-18BC-4150-9EB5-BC6812AD1C2B}.Debug|Any CPU.ActiveCfg = Debug|Any CPU
		{8DE74224-18BC-4150-9EB5-BC6812AD1C2B}.Debug|Any CPU.Build.0 = Debug|Any CPU
		{8DE74224-18BC-4150-9EB5-BC6812AD1C2B}.Release|Any CPU.ActiveCfg = Release|Any CPU
		{8DE74224-18BC-4150-9EB5-BC6812AD1C2B}.Release|Any CPU.Build.0 = Release|Any CPU
		{9FAA1A78-5231-413C-8475-871B2F92B51F}.Debug|Any CPU.ActiveCfg = Debug|Any CPU
		{9FAA1A78-5231-413C-8475-871B2F92B51F}.Debug|Any CPU.Build.0 = Debug|Any CPU
		{9FAA1A78-5231-413C-8475-871B2F92B51F}.Release|Any CPU.ActiveCfg = Release|Any CPU
		{9FAA1A78-5231-413C-8475-871B2F92B51F}.Release|Any CPU.Build.0 = Release|Any CPU
		{79365441-FB06-4F37-AAAC-B2C7D9A32936}.Debug|Any CPU.ActiveCfg = Debug|Any CPU
		{79365441-FB06-4F37-AAAC-B2C7D9A32936}.Debug|Any CPU.Build.0 = Debug|Any CPU
		{79365441-FB06-4F37-AAAC-B2C7D9A32936}.Release|Any CPU.ActiveCfg = Release|Any CPU
		{79365441-FB06-4F37-AAAC-B2C7D9A32936}.Release|Any CPU.Build.0 = Release|Any CPU
		{D864352B-164A-4777-920A-21BC735F3584}.Debug|Any CPU.ActiveCfg = Debug|Any CPU
		{D864352B-164A-4777-920A-21BC735F3584}.Debug|Any CPU.Build.0 = Debug|Any CPU
		{D864352B-164A-4777-920A-21BC735F3584}.Release|Any CPU.ActiveCfg = Release|Any CPU
		{D864352B-164A-4777-920A-21BC735F3584}.Release|Any CPU.Build.0 = Release|Any CPU
		{23617E06-6635-4017-8C7B-BABB29D262D4}.Debug|Any CPU.ActiveCfg = Debug|Any CPU
		{23617E06-6635-4017-8C7B-BABB29D262D4}.Debug|Any CPU.Build.0 = Debug|Any CPU
		{23617E06-6635-4017-8C7B-BABB29D262D4}.Release|Any CPU.ActiveCfg = Release|Any CPU
		{23617E06-6635-4017-8C7B-BABB29D262D4}.Release|Any CPU.Build.0 = Release|Any CPU
		{5349552A-DED6-40A4-980E-55EB940C4B32}.Debug|Any CPU.ActiveCfg = Debug|Any CPU
		{5349552A-DED6-40A4-980E-55EB940C4B32}.Debug|Any CPU.Build.0 = Debug|Any CPU
		{5349552A-DED6-40A4-980E-55EB940C4B32}.Release|Any CPU.ActiveCfg = Release|Any CPU
		{5349552A-DED6-40A4-980E-55EB940C4B32}.Release|Any CPU.Build.0 = Release|Any CPU
	EndGlobalSection
	GlobalSection(SolutionProperties) = preSolution
		HideSolutionNode = FALSE
	EndGlobalSection
	GlobalSection(NestedProjects) = preSolution
		{C96E14F5-9EA5-4445-9736-F46CD9E412C9} = {DDB4EF12-CC4E-5E88-E6FC-71A802F4DE97}
		{2840A392-FBC9-6795-D770-900D138EF1DA} = {DDB4EF12-CC4E-5E88-E6FC-71A802F4DE97}
		{001C5591-DB0A-85C7-5873-1DACE4AC6ED6} = {DDB4EF12-CC4E-5E88-E6FC-71A802F4DE97}
		{D693ED9B-DE9E-4EF7-A38B-9F5570884DDA} = {39744932-F914-4431-9EC0-D8FF36DA2E2F}
		{3619ECFF-8345-457B-B065-DC2573D4D2F8} = {D693ED9B-DE9E-4EF7-A38B-9F5570884DDA}
		{81425D05-123E-45FF-8FB2-7BB6A68676C8} = {BE400ECA-1676-4969-8621-54BBA31CC612}
		{125D859D-773A-43FF-8E0F-9796F634B029} = {81425D05-123E-45FF-8FB2-7BB6A68676C8}
		{7B864FDD-1868-4AB8-BDF7-314B999C6F63} = {39744932-F914-4431-9EC0-D8FF36DA2E2F}
		{D2FD05A4-86B9-47EC-982E-10C8AC511060} = {7B864FDD-1868-4AB8-BDF7-314B999C6F63}
		{1E74D95B-EF25-4017-9F0F-AD9A41BFC5C1} = {39744932-F914-4431-9EC0-D8FF36DA2E2F}
		{F46659F3-7BF8-4DBD-B433-BD229D2DC8C8} = {1E74D95B-EF25-4017-9F0F-AD9A41BFC5C1}
		{15CCDA51-0072-463B-98E5-DD0867823902} = {1E74D95B-EF25-4017-9F0F-AD9A41BFC5C1}
		{6F821CC8-3785-49C7-AADD-475F5E98EAAB} = {AFD055BC-0206-4C63-87F0-8038C36EF535}
		{08139D8B-EF74-4457-8053-58CB5756D1EC} = {6F821CC8-3785-49C7-AADD-475F5E98EAAB}
		{4BC1B722-2F05-47D4-8E49-B87A6064983D} = {AFD055BC-0206-4C63-87F0-8038C36EF535}
		{0408E25B-6093-4695-857D-8E16EF1F1313} = {AFD055BC-0206-4C63-87F0-8038C36EF535}
		{E59BF8A2-18BB-40C1-BF22-95957308628F} = {0408E25B-6093-4695-857D-8E16EF1F1313}
		{9661600F-9E2E-EC39-AFA2-64DBC15CE967} = {0408E25B-6093-4695-857D-8E16EF1F1313}
		{B7D8D09B-FD5C-4C73-8F5D-3AB4E44090A9} = {BE400ECA-1676-4969-8621-54BBA31CC612}
		{D04A0842-03AD-43CF-A632-4660AAFC279E} = {81425D05-123E-45FF-8FB2-7BB6A68676C8}
		{070CE64C-E2F1-42D0-A6A1-D859140B7D2B} = {BE400ECA-1676-4969-8621-54BBA31CC612}
		{760AA0AA-9DDE-4A83-89AA-7B1CB1B9AB24} = {070CE64C-E2F1-42D0-A6A1-D859140B7D2B}
		{8DE74224-18BC-4150-9EB5-BC6812AD1C2B} = {070CE64C-E2F1-42D0-A6A1-D859140B7D2B}
		{86EE36C1-5847-4413-B943-C35DB3682674} = {C3586FCE-8934-4345-A67E-7C67BC136EC6}
		{C655EE18-EF2A-4DC9-8134-E0FC106AE1AA} = {C3586FCE-8934-4345-A67E-7C67BC136EC6}
		{F5592C6C-A20A-4A7B-946E-539432F8048E} = {C3586FCE-8934-4345-A67E-7C67BC136EC6}
		{9FAA1A78-5231-413C-8475-871B2F92B51F} = {F5592C6C-A20A-4A7B-946E-539432F8048E}
		{79365441-FB06-4F37-AAAC-B2C7D9A32936} = {86EE36C1-5847-4413-B943-C35DB3682674}
		{D864352B-164A-4777-920A-21BC735F3584} = {C655EE18-EF2A-4DC9-8134-E0FC106AE1AA}
		{23617E06-6635-4017-8C7B-BABB29D262D4} = {F5592C6C-A20A-4A7B-946E-539432F8048E}
		{5349552A-DED6-40A4-980E-55EB940C4B32} = {F5592C6C-A20A-4A7B-946E-539432F8048E}
	EndGlobalSection
	GlobalSection(ExtensibilityGlobals) = postSolution
		SolutionGuid = {725422E7-DA7D-4E22-8E0D-984CB1FDA07F}
	EndGlobalSection
EndGlobal
